<?xml version="1.0" encoding="utf-8"?>
<Project ToolsVersion="4.0" xmlns="http://schemas.microsoft.com/developer/msbuild/2003">
  <ItemGroup>
    <ClInclude Include="cassertion_macros.h" />
    <ClInclude Include="casync_log.h" />
    <ClInclude Include="cbase64.h" />
    <ClInclude Include="ccapturer_tracksource.h" />
    <ClInclude Include="ccfg.h" />
    <ClInclude Include="cclient.h" />
    <ClInclude Include="cconfig.h" />
    <ClInclude Include="cdataconsumer.h" />
    <ClInclude Include="cdevice.h" />
    <ClInclude Include="cinput_device.h" />
    <ClInclude Include="cinput_device_event.h" />
    <ClInclude Include="cint_point.h" />
    <ClInclude Include="cint2str.h" />
    <ClInclude Include="clog.h" />
    <ClInclude Include="clog_define.h" />
    <ClInclude Include="cmediasoup_mgr.h" />
    <ClInclude Include="cnet_types.h" />
    <ClInclude Include="cosd_util.h" />
    <ClInclude Include="cproducer.h" />
    <ClInclude Include="cprotocol.h" />
    <ClInclude Include="crecv_transport.h" />
    <ClInclude Include="csend_transport.h" />
    <ClInclude Include="csession_description.h" />
    <ClInclude Include="csingleton.h" />
    <ClInclude Include="ctime_api.h" />
    <ClInclude Include="ctime_const.h" />
    <ClInclude Include="ctransport.h" />
    <ClInclude Include="cwebscoket_connection.h" />
    <ClInclude Include="cwebsocket_mgr.h" />
    <ClInclude Include="cwebsocket_protoo.h" />
    <ClInclude Include="cwebsocket_session.h" />
    <ClInclude Include="cwindow_util.h" />
    <ClInclude Include="desktop_capture_source.h" />
    <ClInclude Include="json.hpp" />
    <ClInclude Include="mediasoupclient.hpp" />
    <ClInclude Include="ortc.hpp" />
    <ClInclude Include="scalabilityMode.hpp" />
    <ClInclude Include="sdptransform.hpp" />
    <ClInclude Include="Utils.hpp" />
    <ClInclude Include="wsclient.h" />
    <ClInclude Include="sdp\MediaSection.hpp" />
    <ClInclude Include="sdp\RemoteSdp.hpp" />
    <ClInclude Include="sdp\Utils.hpp" />
  </ItemGroup>
  <ItemGroup>
    <ClCompile Include="casync_log.cpp" />
    <ClCompile Include="cbase64.cpp" />
    <ClCompile Include="ccapturer_tracksource.cpp" />
    <ClCompile Include="ccfg.cpp" />
    <ClCompile Include="cclient.cpp" />
    <ClCompile Include="cconfig.cpp" />
    <ClCompile Include="cdataconsumer.cpp" />
    <ClCompile Include="cdevice.cpp" />
    <ClCompile Include="cinput_device.cpp" />
    <ClCompile Include="cinput_device_event.cpp" />
    <ClCompile Include="cint2str.cpp" />
    <ClCompile Include="clog.cpp" />
    <ClCompile Include="cmediasoup_mgr.cpp" />
    <ClCompile Include="cnet_types.cpp" />
    <ClCompile Include="cosd_util.cpp" />
    <ClCompile Include="cproducer.cpp" />
    <ClCompile Include="crecv_transport.cpp" />
    <ClCompile Include="csend_transport.cpp" />
    <ClCompile Include="csession_description.cpp" />
    <ClCompile Include="ctime_api.cpp" />
    <ClCompile Include="ctransport.cpp" />
    <ClCompile Include="cwebscoket_connection.cpp" />
    <ClCompile Include="cwebsocket_mgr.cpp" />
    <ClCompile Include="cwebsocket_protoo.cpp" />
    <ClCompile Include="cwebsocket_session.cpp" />
    <ClCompile Include="cwindow_util.cpp" />
    <ClCompile Include="desktop_capture_source.cc" />
    <ClCompile Include="grammar.cpp" />
    <ClCompile Include="mediasoupclient.cpp" />
    <ClCompile Include="ortc.cpp" />
    <ClCompile Include="parser.cpp" />
    <ClCompile Include="scalabilityMode.cpp" />
    <ClCompile Include="writer.cpp" />
    <ClCompile Include="wsclient.cpp" />
    <ClCompile Include="sdp\MediaSection.cpp" />
    <ClCompile Include="sdp\RemoteSdp.cpp" />
    <ClCompile Include="sdp\Utils.cpp" />
  </ItemGroup>
  <ItemGroup>
    <None Include="client.cfg" />
    <None Include="cow.ive" />
  </ItemGroup>
  <ItemGroup>
    <Text Include="CMakeLists.txt" />
  </ItemGroup>
</Project>