<?xml version="1.0" encoding="utf-8"?>
<Project ToolsVersion="4.0" xmlns="http://schemas.microsoft.com/developer/msbuild/2003">
  <ItemGroup>
    <Filter Include="Source Files">
      <UniqueIdentifier>{4FC737F1-C7A5-4376-A066-2A32D752A2FF}</UniqueIdentifier>
      <Extensions>cpp;c;cc;cxx;def;odl;idl;hpj;bat;asm;asmx</Extensions>
    </Filter>
    <Filter Include="Header Files">
      <UniqueIdentifier>{93995380-89BD-4b04-88EB-625FBE52EBFB}</UniqueIdentifier>
      <Extensions>h;hh;hpp;hxx;hm;inl;inc;ipp;xsd</Extensions>
    </Filter>
    <Filter Include="Resource Files">
      <UniqueIdentifier>{67DA6AB6-F800-4c08-8B7A-83BB121AAD01}</UniqueIdentifier>
      <Extensions>rc;ico;cur;bmp;dlg;rc2;rct;bin;rgs;gif;jpg;jpeg;jpe;resx;tiff;tif;png;wav;mfcribbon-ms</Extensions>
    </Filter>
    <Filter Include="sdp">
      <UniqueIdentifier>{c8180a02-652e-409a-a0d1-12759abacd36}</UniqueIdentifier>
    </Filter>
  </ItemGroup>
  <ItemGroup>
    <ClCompile Include="Consumer.cpp">
      <Filter>Source Files</Filter>
    </ClCompile>
    <ClCompile Include="DataConsumer.cpp">
      <Filter>Source Files</Filter>
    </ClCompile>
    <ClCompile Include="DataProducer.cpp">
      <Filter>Source Files</Filter>
    </ClCompile>
    <ClCompile Include="Device.cpp">
      <Filter>Source Files</Filter>
    </ClCompile>
    <ClCompile Include="grammar.cpp">
      <Filter>Source Files</Filter>
    </ClCompile>
    <ClCompile Include="Handler.cpp">
      <Filter>Source Files</Filter>
    </ClCompile>
    <ClCompile Include="Logger.cpp">
      <Filter>Source Files</Filter>
    </ClCompile>
    <ClCompile Include="mediasoupclient.cpp">
      <Filter>Source Files</Filter>
    </ClCompile>
    <ClCompile Include="ortc.cpp">
      <Filter>Source Files</Filter>
    </ClCompile>
    <ClCompile Include="parser.cpp">
      <Filter>Source Files</Filter>
    </ClCompile>
    <ClCompile Include="PeerConnection.cpp">
      <Filter>Source Files</Filter>
    </ClCompile>
    <ClCompile Include="Producer.cpp">
      <Filter>Source Files</Filter>
    </ClCompile>
    <ClCompile Include="scalabilityMode.cpp">
      <Filter>Source Files</Filter>
    </ClCompile>
    <ClCompile Include="Transport.cpp">
      <Filter>Source Files</Filter>
    </ClCompile>
    <ClCompile Include="writer.cpp">
      <Filter>Source Files</Filter>
    </ClCompile>
    <ClCompile Include="sdp\MediaSection.cpp">
      <Filter>sdp</Filter>
    </ClCompile>
    <ClCompile Include="sdp\RemoteSdp.cpp">
      <Filter>sdp</Filter>
    </ClCompile>
    <ClCompile Include="sdp\Utils.cpp">
      <Filter>sdp</Filter>
    </ClCompile>
    <ClCompile Include="main.cpp">
      <Filter>Source Files</Filter>
    </ClCompile>
    <ClCompile Include="Broadcaster.cpp">
      <Filter>Source Files</Filter>
    </ClCompile>
    <ClCompile Include="ccfg.cpp">
      <Filter>Source Files</Filter>
    </ClCompile>
    <ClCompile Include="cconfig.cpp">
      <Filter>Source Files</Filter>
    </ClCompile>
    <ClCompile Include="cint2str.cpp">
      <Filter>Source Files</Filter>
    </ClCompile>
    <ClCompile Include="cnet_types.cpp">
      <Filter>Source Files</Filter>
    </ClCompile>
    <ClCompile Include="cwebsocket_mgr.cpp">
      <Filter>Source Files</Filter>
    </ClCompile>
    <ClCompile Include="desktop_capture.cc">
      <Filter>Source Files</Filter>
    </ClCompile>
    <ClCompile Include="desktop_capture_source.cc">
      <Filter>Source Files</Filter>
    </ClCompile>
    <ClCompile Include="httplib.cc">
      <Filter>Source Files</Filter>
    </ClCompile>
    <ClCompile Include="peerConnectionUtils.cpp">
      <Filter>Source Files</Filter>
    </ClCompile>
    <ClCompile Include="wsclient.cpp">
      <Filter>Source Files</Filter>
    </ClCompile>
    <ClCompile Include="cwebsocket_session.cpp">
      <Filter>Source Files</Filter>
    </ClCompile>
    <ClCompile Include="capture.cpp">
      <Filter>Source Files</Filter>
    </ClCompile>
    <ClCompile Include="cosd_util.cpp">
      <Filter>Source Files</Filter>
    </ClCompile>
    <ClCompile Include="ccloud_rendering.cpp">
      <Filter>Source Files</Filter>
    </ClCompile>
    <ClCompile Include="cwindow_util.cpp">
      <Filter>Source Files</Filter>
    </ClCompile>
    <ClCompile Include="chttp_mgr.cpp">
      <Filter>Source Files</Filter>
    </ClCompile>
    <ClCompile Include="cinput_device.cpp">
      <Filter>Source Files</Filter>
    </ClCompile>
    <ClCompile Include="cinput_device_event.cpp">
      <Filter>Source Files</Filter>
    </ClCompile>
    <ClCompile Include="casync_log.cpp">
      <Filter>Source Files</Filter>
    </ClCompile>
    <ClCompile Include="clog.cpp">
      <Filter>Source Files</Filter>
    </ClCompile>
    <ClCompile Include="ctime_api.cpp">
      <Filter>Source Files</Filter>
    </ClCompile>
    <ClCompile Include="cproducer.cpp">
      <Filter>Source Files</Filter>
    </ClCompile>
    <ClCompile Include="ctransport.cpp">
      <Filter>Source Files</Filter>
    </ClCompile>
    <ClCompile Include="cclient.cpp">
      <Filter>Source Files</Filter>
    </ClCompile>
    <ClCompile Include="cdesktop_capture.cpp">
      <Filter>Source Files</Filter>
    </ClCompile>
  </ItemGroup>
  <ItemGroup>
    <ClInclude Include="Consumer.hpp">
      <Filter>Header Files</Filter>
    </ClInclude>
    <ClInclude Include="DataConsumer.hpp">
      <Filter>Header Files</Filter>
    </ClInclude>
    <ClInclude Include="DataProducer.hpp">
      <Filter>Header Files</Filter>
    </ClInclude>
    <ClInclude Include="Device.hpp">
      <Filter>Header Files</Filter>
    </ClInclude>
    <ClInclude Include="Exception.hpp">
      <Filter>Header Files</Filter>
    </ClInclude>
    <ClInclude Include="Handler.hpp">
      <Filter>Header Files</Filter>
    </ClInclude>
    <ClInclude Include="json.hpp">
      <Filter>Header Files</Filter>
    </ClInclude>
    <ClInclude Include="Logger.hpp">
      <Filter>Header Files</Filter>
    </ClInclude>
    <ClInclude Include="mediasoupclient.hpp">
      <Filter>Header Files</Filter>
    </ClInclude>
    <ClInclude Include="MediaSoupClientErrors.hpp">
      <Filter>Header Files</Filter>
    </ClInclude>
    <ClInclude Include="ortc.hpp">
      <Filter>Header Files</Filter>
    </ClInclude>
    <ClInclude Include="PeerConnection.hpp">
      <Filter>Header Files</Filter>
    </ClInclude>
    <ClInclude Include="Producer.hpp">
      <Filter>Header Files</Filter>
    </ClInclude>
    <ClInclude Include="scalabilityMode.hpp">
      <Filter>Header Files</Filter>
    </ClInclude>
    <ClInclude Include="sdptransform.hpp">
      <Filter>Header Files</Filter>
    </ClInclude>
    <ClInclude Include="Transport.hpp">
      <Filter>Header Files</Filter>
    </ClInclude>
    <ClInclude Include="Utils.hpp">
      <Filter>Header Files</Filter>
    </ClInclude>
    <ClInclude Include="version.hpp">
      <Filter>Header Files</Filter>
    </ClInclude>
    <ClInclude Include="sdp\MediaSection.hpp">
      <Filter>sdp</Filter>
    </ClInclude>
    <ClInclude Include="sdp\RemoteSdp.hpp">
      <Filter>sdp</Filter>
    </ClInclude>
    <ClInclude Include="sdp\Utils.hpp">
      <Filter>sdp</Filter>
    </ClInclude>
    <ClInclude Include="Broadcaster.hpp">
      <Filter>Header Files</Filter>
    </ClInclude>
    <ClInclude Include="ccfg.h">
      <Filter>Header Files</Filter>
    </ClInclude>
    <ClInclude Include="cconfig.h">
      <Filter>Header Files</Filter>
    </ClInclude>
    <ClInclude Include="cint2str.h">
      <Filter>Header Files</Filter>
    </ClInclude>
    <ClInclude Include="cnet_types.h">
      <Filter>Header Files</Filter>
    </ClInclude>
    <ClInclude Include="cwebsocket_mgr.h">
      <Filter>Header Files</Filter>
    </ClInclude>
    <ClInclude Include="desktop_capture.h">
      <Filter>Header Files</Filter>
    </ClInclude>
    <ClInclude Include="desktop_capture_source.h">
      <Filter>Header Files</Filter>
    </ClInclude>
    <ClInclude Include="httplib.h">
      <Filter>Header Files</Filter>
    </ClInclude>
    <ClInclude Include="peerConnectionUtils.hpp">
      <Filter>Header Files</Filter>
    </ClInclude>
    <ClInclude Include="wsclient.h">
      <Filter>Header Files</Filter>
    </ClInclude>
    <ClInclude Include="cwebsocket_session.h">
      <Filter>Header Files</Filter>
    </ClInclude>
    <ClInclude Include="capture.h">
      <Filter>Header Files</Filter>
    </ClInclude>
    <ClInclude Include="cosd_util.h">
      <Filter>Header Files</Filter>
    </ClInclude>
    <ClInclude Include="ccloud_rendering.h">
      <Filter>Header Files</Filter>
    </ClInclude>
    <ClInclude Include="cwindow_util.h">
      <Filter>Header Files</Filter>
    </ClInclude>
    <ClInclude Include="chttp_mgr.h">
      <Filter>Header Files</Filter>
    </ClInclude>
    <ClInclude Include="cinput_device.h">
      <Filter>Header Files</Filter>
    </ClInclude>
    <ClInclude Include="cprotocol.h">
      <Filter>Header Files</Filter>
    </ClInclude>
    <ClInclude Include="cassertion_macros.h">
      <Filter>Header Files</Filter>
    </ClInclude>
    <ClInclude Include="cinput_device_event.h">
      <Filter>Header Files</Filter>
    </ClInclude>
    <ClInclude Include="cint_point.h">
      <Filter>Header Files</Filter>
    </ClInclude>
    <ClInclude Include="casync_log.h">
      <Filter>Header Files</Filter>
    </ClInclude>
    <ClInclude Include="clog.h">
      <Filter>Header Files</Filter>
    </ClInclude>
    <ClInclude Include="clog_define.h">
      <Filter>Header Files</Filter>
    </ClInclude>
    <ClInclude Include="ctime_api.h">
      <Filter>Header Files</Filter>
    </ClInclude>
    <ClInclude Include="ctime_const.h">
      <Filter>Header Files</Filter>
    </ClInclude>
    <ClInclude Include="cproducer.h">
      <Filter>Header Files</Filter>
    </ClInclude>
    <ClInclude Include="ctransport.h">
      <Filter>Header Files</Filter>
    </ClInclude>
    <ClInclude Include="cclient.h">
      <Filter>Header Files</Filter>
    </ClInclude>
    <ClInclude Include="cdesktop_capture.h">
      <Filter>Header Files</Filter>
    </ClInclude>
  </ItemGroup>
</Project>