
Microsoft Visual Studio Solution File, Format Version 12.00
# Visual Studio 15
VisualStudioVersion = 15.0.28307.1525
MinimumVisualStudioVersion = 10.0.40219.1
Project("{8BC9CEB8-8B4A-11D0-8D11-00A0C91BC942}") = "mediasoup", "mediasoup\mediasoup.vcxproj", "{DBAF2E5E-C6B3-444F-9FAE-5EF6CA95A9FA}"
EndProject
Global
	GlobalSection(SolutionConfigurationPlatforms) = preSolution
		Debug|x64 = Debug|x64
		Debug|x86 = Debug|x86
		Release|x64 = Release|x64
		Release|x86 = Release|x86
	EndGlobalSection
	GlobalSection(ProjectConfigurationPlatforms) = postSolution
		{DBAF2E5E-C6B3-444F-9FAE-5EF6CA95A9FA}.Debug|x64.ActiveCfg = Debug|x64
		{DBAF2E5E-C6B3-444F-9FAE-5EF6CA95A9FA}.Debug|x64.Build.0 = Debug|x64
		{DBAF2E5E-C6B3-444F-9FAE-5EF6CA95A9FA}.Debug|x86.ActiveCfg = Debug|Win32
		{DBAF2E5E-C6B3-444F-9FAE-5EF6CA95A9FA}.Debug|x86.Build.0 = Debug|Win32
		{DBAF2E5E-C6B3-444F-9FAE-5EF6CA95A9FA}.Release|x64.ActiveCfg = Release|x64
		{DBAF2E5E-C6B3-444F-9FAE-5EF6CA95A9FA}.Release|x64.Build.0 = Release|x64
		{DBAF2E5E-C6B3-444F-9FAE-5EF6CA95A9FA}.Release|x86.ActiveCfg = Release|Win32
		{DBAF2E5E-C6B3-444F-9FAE-5EF6CA95A9FA}.Release|x86.Build.0 = Release|Win32
	EndGlobalSection
	GlobalSection(SolutionProperties) = preSolution
		HideSolutionNode = FALSE
	EndGlobalSection
	GlobalSection(ExtensibilityGlobals) = postSolution
		SolutionGuid = {95E90B87-FDA3-47CE-AA40-78D1ADBB6B76}
	EndGlobalSection
EndGlobal
